
Microsoft Visual Studio Solution File, Format Version 12.00
# Visual Studio Version 17
VisualStudioVersion = 17.7.34221.43
MinimumVisualStudioVersion = 10.0.40219.1
Project("{FAE04EC0-301F-11D3-BF4B-00C04F79EFBC}") = "FitnessCentar.WebAPI", "FitnessCentar.WebAPI.csproj", "{83EB3515-387B-43EE-AA7F-AEDEB112F7C7}"
	ProjectSection(ProjectDependencies) = postProject
		{0AE6BFCC-10DF-4D5C-8A5A-A3AAB5EA0667} = {0AE6BFCC-10DF-4D5C-8A5A-A3AAB5EA0667}
		{2EFBAA40-FDFD-4C5D-AB98-6ECEDBDEB7D8} = {2EFBAA40-FDFD-4C5D-AB98-6ECEDBDEB7D8}
		{42CD27F7-4C83-44D8-B688-72C8E786BA30} = {42CD27F7-4C83-44D8-B688-72C8E786BA30}
		{5688E6E8-598C-46C5-980F-A9A0C704C5F6} = {5688E6E8-598C-46C5-980F-A9A0C704C5F6}
		{5AA02484-6CF5-4E81-86C1-AF4016D6284E} = {5AA02484-6CF5-4E81-86C1-AF4016D6284E}
		{A083B2BA-9A21-47D7-99B1-CC82D7787AB7} = {A083B2BA-9A21-47D7-99B1-CC82D7787AB7}
		{F0310478-246F-47E8-8965-B5AA3A9B98A6} = {F0310478-246F-47E8-8965-B5AA3A9B98A6}
	EndProjectSection
EndProject
Project("{FAE04EC0-301F-11D3-BF4B-00C04F79EFBC}") = "FitnessCentar.Service", "..\FitnessCentar.Service\FitnessCentar.Service.csproj", "{5AA02484-6CF5-4E81-86C1-AF4016D6284E}"
	ProjectSection(ProjectDependencies) = postProject
		{0AE6BFCC-10DF-4D5C-8A5A-A3AAB5EA0667} = {0AE6BFCC-10DF-4D5C-8A5A-A3AAB5EA0667}
		{2EFBAA40-FDFD-4C5D-AB98-6ECEDBDEB7D8} = {2EFBAA40-FDFD-4C5D-AB98-6ECEDBDEB7D8}
		{42CD27F7-4C83-44D8-B688-72C8E786BA30} = {42CD27F7-4C83-44D8-B688-72C8E786BA30}
		{5688E6E8-598C-46C5-980F-A9A0C704C5F6} = {5688E6E8-598C-46C5-980F-A9A0C704C5F6}
		{A083B2BA-9A21-47D7-99B1-CC82D7787AB7} = {A083B2BA-9A21-47D7-99B1-CC82D7787AB7}
		{F0310478-246F-47E8-8965-B5AA3A9B98A6} = {F0310478-246F-47E8-8965-B5AA3A9B98A6}
	EndProjectSection
EndProject
Project("{FAE04EC0-301F-11D3-BF4B-00C04F79EFBC}") = "FitnessCentar.Service.Common", "..\FitnessCentar.Service.Common\FitnessCentar.Service.Common.csproj", "{0AE6BFCC-10DF-4D5C-8A5A-A3AAB5EA0667}"
	ProjectSection(ProjectDependencies) = postProject
		{5688E6E8-598C-46C5-980F-A9A0C704C5F6} = {5688E6E8-598C-46C5-980F-A9A0C704C5F6}
		{A083B2BA-9A21-47D7-99B1-CC82D7787AB7} = {A083B2BA-9A21-47D7-99B1-CC82D7787AB7}
		{F0310478-246F-47E8-8965-B5AA3A9B98A6} = {F0310478-246F-47E8-8965-B5AA3A9B98A6}
	EndProjectSection
EndProject
Project("{FAE04EC0-301F-11D3-BF4B-00C04F79EFBC}") = "FitnessCentar.Repository", "..\FitnessCentar.Repository\FitnessCentar.Repository.csproj", "{42CD27F7-4C83-44D8-B688-72C8E786BA30}"
	ProjectSection(ProjectDependencies) = postProject
		{0AE6BFCC-10DF-4D5C-8A5A-A3AAB5EA0667} = {0AE6BFCC-10DF-4D5C-8A5A-A3AAB5EA0667}
		{2EFBAA40-FDFD-4C5D-AB98-6ECEDBDEB7D8} = {2EFBAA40-FDFD-4C5D-AB98-6ECEDBDEB7D8}
		{5688E6E8-598C-46C5-980F-A9A0C704C5F6} = {5688E6E8-598C-46C5-980F-A9A0C704C5F6}
		{A083B2BA-9A21-47D7-99B1-CC82D7787AB7} = {A083B2BA-9A21-47D7-99B1-CC82D7787AB7}
		{F0310478-246F-47E8-8965-B5AA3A9B98A6} = {F0310478-246F-47E8-8965-B5AA3A9B98A6}
	EndProjectSection
EndProject
Project("{FAE04EC0-301F-11D3-BF4B-00C04F79EFBC}") = "FitnessCentar.Repository.Common", "..\FitnessCentar.Repository.Common\FitnessCentar.Repository.Common.csproj", "{2EFBAA40-FDFD-4C5D-AB98-6ECEDBDEB7D8}"
	ProjectSection(ProjectDependencies) = postProject
		{5688E6E8-598C-46C5-980F-A9A0C704C5F6} = {5688E6E8-598C-46C5-980F-A9A0C704C5F6}
		{A083B2BA-9A21-47D7-99B1-CC82D7787AB7} = {A083B2BA-9A21-47D7-99B1-CC82D7787AB7}
		{F0310478-246F-47E8-8965-B5AA3A9B98A6} = {F0310478-246F-47E8-8965-B5AA3A9B98A6}
	EndProjectSection
EndProject
Project("{FAE04EC0-301F-11D3-BF4B-00C04F79EFBC}") = "FitnessCentar.Model", "..\FitnessCentar.Model\FitnessCentar.Model.csproj", "{F0310478-246F-47E8-8965-B5AA3A9B98A6}"
	ProjectSection(ProjectDependencies) = postProject
		{5688E6E8-598C-46C5-980F-A9A0C704C5F6} = {5688E6E8-598C-46C5-980F-A9A0C704C5F6}
	EndProjectSection
EndProject
Project("{FAE04EC0-301F-11D3-BF4B-00C04F79EFBC}") = "FitnessCentar.Model.Common", "..\FitnessCentar.Model.Common\FitnessCentar.Model.Common.csproj", "{5688E6E8-598C-46C5-980F-A9A0C704C5F6}"
	ProjectSection(ProjectDependencies) = postProject
		{A083B2BA-9A21-47D7-99B1-CC82D7787AB7} = {A083B2BA-9A21-47D7-99B1-CC82D7787AB7}
	EndProjectSection
EndProject
Project("{FAE04EC0-301F-11D3-BF4B-00C04F79EFBC}") = "FitnessCentar.Common", "..\FitnessCentar.Common\FitnessCentar.Common.csproj", "{A083B2BA-9A21-47D7-99B1-CC82D7787AB7}"
EndProject
Project("{FAE04EC0-301F-11D3-BF4B-00C04F79EFBC}") = "FitnessCentar.DAL", "..\FitnessCentar.DAL\FitnessCentar.DAL.csproj", "{188C80F5-3CFF-47A2-A9D1-AB95CB4108C5}"
EndProject
Global
	GlobalSection(SolutionConfigurationPlatforms) = preSolution
		Debug|Any CPU = Debug|Any CPU
		Release|Any CPU = Release|Any CPU
	EndGlobalSection
	GlobalSection(ProjectConfigurationPlatforms) = postSolution
		{83EB3515-387B-43EE-AA7F-AEDEB112F7C7}.Debug|Any CPU.ActiveCfg = Debug|Any CPU
		{83EB3515-387B-43EE-AA7F-AEDEB112F7C7}.Debug|Any CPU.Build.0 = Debug|Any CPU
		{83EB3515-387B-43EE-AA7F-AEDEB112F7C7}.Release|Any CPU.ActiveCfg = Release|Any CPU
		{83EB3515-387B-43EE-AA7F-AEDEB112F7C7}.Release|Any CPU.Build.0 = Release|Any CPU
		{5AA02484-6CF5-4E81-86C1-AF4016D6284E}.Debug|Any CPU.ActiveCfg = Debug|Any CPU
		{5AA02484-6CF5-4E81-86C1-AF4016D6284E}.Debug|Any CPU.Build.0 = Debug|Any CPU
		{5AA02484-6CF5-4E81-86C1-AF4016D6284E}.Release|Any CPU.ActiveCfg = Release|Any CPU
		{5AA02484-6CF5-4E81-86C1-AF4016D6284E}.Release|Any CPU.Build.0 = Release|Any CPU
		{0AE6BFCC-10DF-4D5C-8A5A-A3AAB5EA0667}.Debug|Any CPU.ActiveCfg = Debug|Any CPU
		{0AE6BFCC-10DF-4D5C-8A5A-A3AAB5EA0667}.Debug|Any CPU.Build.0 = Debug|Any CPU
		{0AE6BFCC-10DF-4D5C-8A5A-A3AAB5EA0667}.Release|Any CPU.ActiveCfg = Release|Any CPU
		{0AE6BFCC-10DF-4D5C-8A5A-A3AAB5EA0667}.Release|Any CPU.Build.0 = Release|Any CPU
		{42CD27F7-4C83-44D8-B688-72C8E786BA30}.Debug|Any CPU.ActiveCfg = Debug|Any CPU
		{42CD27F7-4C83-44D8-B688-72C8E786BA30}.Debug|Any CPU.Build.0 = Debug|Any CPU
		{42CD27F7-4C83-44D8-B688-72C8E786BA30}.Release|Any CPU.ActiveCfg = Release|Any CPU
		{42CD27F7-4C83-44D8-B688-72C8E786BA30}.Release|Any CPU.Build.0 = Release|Any CPU
		{2EFBAA40-FDFD-4C5D-AB98-6ECEDBDEB7D8}.Debug|Any CPU.ActiveCfg = Debug|Any CPU
		{2EFBAA40-FDFD-4C5D-AB98-6ECEDBDEB7D8}.Debug|Any CPU.Build.0 = Debug|Any CPU
		{2EFBAA40-FDFD-4C5D-AB98-6ECEDBDEB7D8}.Release|Any CPU.ActiveCfg = Release|Any CPU
		{2EFBAA40-FDFD-4C5D-AB98-6ECEDBDEB7D8}.Release|Any CPU.Build.0 = Release|Any CPU
		{F0310478-246F-47E8-8965-B5AA3A9B98A6}.Debug|Any CPU.ActiveCfg = Debug|Any CPU
		{F0310478-246F-47E8-8965-B5AA3A9B98A6}.Debug|Any CPU.Build.0 = Debug|Any CPU
		{F0310478-246F-47E8-8965-B5AA3A9B98A6}.Release|Any CPU.ActiveCfg = Release|Any CPU
		{F0310478-246F-47E8-8965-B5AA3A9B98A6}.Release|Any CPU.Build.0 = Release|Any CPU
		{5688E6E8-598C-46C5-980F-A9A0C704C5F6}.Debug|Any CPU.ActiveCfg = Debug|Any CPU
		{5688E6E8-598C-46C5-980F-A9A0C704C5F6}.Debug|Any CPU.Build.0 = Debug|Any CPU
		{5688E6E8-598C-46C5-980F-A9A0C704C5F6}.Release|Any CPU.ActiveCfg = Release|Any CPU
		{5688E6E8-598C-46C5-980F-A9A0C704C5F6}.Release|Any CPU.Build.0 = Release|Any CPU
		{A083B2BA-9A21-47D7-99B1-CC82D7787AB7}.Debug|Any CPU.ActiveCfg = Debug|Any CPU
		{A083B2BA-9A21-47D7-99B1-CC82D7787AB7}.Debug|Any CPU.Build.0 = Debug|Any CPU
		{A083B2BA-9A21-47D7-99B1-CC82D7787AB7}.Release|Any CPU.ActiveCfg = Release|Any CPU
		{A083B2BA-9A21-47D7-99B1-CC82D7787AB7}.Release|Any CPU.Build.0 = Release|Any CPU
		{188C80F5-3CFF-47A2-A9D1-AB95CB4108C5}.Debug|Any CPU.ActiveCfg = Debug|Any CPU
		{188C80F5-3CFF-47A2-A9D1-AB95CB4108C5}.Debug|Any CPU.Build.0 = Debug|Any CPU
		{188C80F5-3CFF-47A2-A9D1-AB95CB4108C5}.Release|Any CPU.ActiveCfg = Release|Any CPU
		{188C80F5-3CFF-47A2-A9D1-AB95CB4108C5}.Release|Any CPU.Build.0 = Release|Any CPU
	EndGlobalSection
	GlobalSection(SolutionProperties) = preSolution
		HideSolutionNode = FALSE
	EndGlobalSection
	GlobalSection(ExtensibilityGlobals) = postSolution
		SolutionGuid = {6E043111-7356-4C76-AC80-6DC950FE0548}
	EndGlobalSection
EndGlobal
